{
  "lockfile_version": "1",
  "packages": {
    "brotli@latest": {
      "last_modified": "2024-06-03T07:19:07Z",
      "resolved": "github:NixOS/nixpkgs/4a4ecb0ab415c9fccfb005567a215e6a9564cdf5#brotli",
      "source": "devbox-search",
      "version": "1.1.0",
      "systems": {
        "aarch64-darwin": {
          "store_path": "/nix/store/nvdacalh5vfgpwgyvx4drydq4gwip9wm-brotli-1.1.0"
        },
        "aarch64-linux": {
          "store_path": "/nix/store/yxlzmr9ikp9li6vffhwgicj6k661gafm-brotli-1.1.0"
        },
        "x86_64-darwin": {
          "store_path": "/nix/store/nic4hha0s64pc58pxfng2pidm1p9xjz0-brotli-1.1.0"
        },
        "x86_64-linux": {
          "store_path": "/nix/store/0xj7i7pnp1xyk09qg8dgsvl60gz1psyl-brotli-1.1.0"
        }
      }
    },
    "caddy@latest": {
      "last_modified": "2024-06-04T00:03:09Z",
      "resolved": "github:NixOS/nixpkgs/3b01abcc24846ae49957b30f4345bab4b3f1d14b#caddy",
      "source": "devbox-search",
      "version": "2.8.4",
      "systems": {
        "aarch64-darwin": {
          "store_path": "/nix/store/2lvssmmrmcpsic5gv755x33amh603c3d-caddy-2.8.4"
        },
        "aarch64-linux": {
          "store_path": "/nix/store/iavbj399v34qfd6pw6rsmh1rqfbyclac-caddy-2.8.4"
        },
        "x86_64-darwin": {
          "store_path": "/nix/store/wik7wspkxs7q88sjqyfxd4d3ixinwhmz-caddy-2.8.4"
        },
        "x86_64-linux": {
          "store_path": "/nix/store/1iz89fy5fi998g43z1m4j7s5f095di68-caddy-2.8.4"
        }
      }
    },
    "elmPackages.elm-format@latest": {
      "last_modified": "2024-05-26T09:30:02Z",
      "resolved": "github:NixOS/nixpkgs/e2dd4e18cc1c7314e24154331bae07df76eb582f#elmPackages.elm-format",
      "source": "devbox-search",
      "version": "0.8.7",
      "systems": {
        "aarch64-darwin": {
          "store_path": "/nix/store/dzwp16fsk1naxr607b36ig8v7c1q5z9q-elm-format-0.8.7"
        },
        "aarch64-linux": {
          "store_path": "/nix/store/2s8gfpd8xmf28z9zzk49kxcw7mkjbgk9-elm-format-0.8.7"
        },
        "x86_64-darwin": {
          "store_path": "/nix/store/krsk8p97dm9f03z1xswn8qdzx61pgqfs-elm-format-0.8.7"
        },
        "x86_64-linux": {
          "store_path": "/nix/store/9fd994mb4c6z5ixmhplia58b6jrfhbff-elm-format-0.8.7"
        }
      }
    },
    "elmPackages.elm-optimize-level-2@latest": {
      "last_modified": "2024-05-22T06:18:38Z",
      "resolved": "github:NixOS/nixpkgs/3f316d2a50699a78afe5e77ca486ad553169061e#elmPackages.elm-optimize-level-2",
      "source": "devbox-search",
      "version": "2-0.3.5",
      "systems": {
        "aarch64-darwin": {
          "store_path": "/nix/store/l4f2pwvpqxnshqamwy7764ilf45lp8ld-elm-optimize-level-2-0.3.5"
        },
        "aarch64-linux": {
          "store_path": "/nix/store/x2bbn25699ai2g7pf7x7kyw5y1jsvbpk-elm-optimize-level-2-0.3.5"
        },
        "x86_64-darwin": {
          "store_path": "/nix/store/f7ccpq5zllj8qjplg8l60gfbwgxglipr-elm-optimize-level-2-0.3.5"
        },
        "x86_64-linux": {
          "store_path": "/nix/store/h3hbwm3qhvj148c991glh6j00fq5wisb-elm-optimize-level-2-0.3.5"
        }
      }
    },
    "elmPackages.elm@latest": {
      "last_modified": "2024-05-26T09:30:02Z",
      "resolved": "github:NixOS/nixpkgs/e2dd4e18cc1c7314e24154331bae07df76eb582f#elmPackages.elm",
      "source": "devbox-search",
      "version": "0.19.1",
      "systems": {
        "aarch64-darwin": {
          "store_path": "/nix/store/s76kssmpdmwq1sga48wj5k8hv4q5dbx0-elm-0.19.1"
        },
        "aarch64-linux": {
          "store_path": "/nix/store/zsl1sgi578yr16nhb6a9d7iayy9v7n0v-elm-0.19.1"
        },
        "x86_64-darwin": {
          "store_path": "/nix/store/xfx3lqm5x33kmnj4s2n6pr0q6jxjghy5-elm-0.19.1"
        },
        "x86_64-linux": {
          "store_path": "/nix/store/45ayk9m68a7gn11ygpqx7k47dh3xhcm8-elm-0.19.1"
        }
      }
    },
    "html-minifier@latest": {
      "last_modified": "2024-05-22T06:18:38Z",
      "resolved": "github:NixOS/nixpkgs/3f316d2a50699a78afe5e77ca486ad553169061e#html-minifier",
      "source": "devbox-search",
      "version": "4.0.0",
      "systems": {
        "aarch64-darwin": {
          "store_path": "/nix/store/jx8jd3dymnkdvnyhcf97d0r0287xhqma-html-minifier-4.0.0"
        },
        "aarch64-linux": {
          "store_path": "/nix/store/b1m4786h5rk062cvww4xdlpj6yw0jd6l-html-minifier-4.0.0"
        },
        "x86_64-darwin": {
          "store_path": "/nix/store/1a5wjlgpx82p1szngjp7dci5f5s8vhjk-html-minifier-4.0.0"
        },
        "x86_64-linux": {
          "store_path": "/nix/store/r9vf6k8nfpx5irl26k1s0v5w9n9a5a39-html-minifier-4.0.0"
        }
      }
    },
    "lightningcss@latest": {
      "last_modified": "2024-05-25T15:35:15Z",
      "resolved": "github:NixOS/nixpkgs/c5187508b11177ef4278edf19616f44f21cc8c69#lightningcss",
      "source": "devbox-search",
      "version": "1.25.1",
      "systems": {
        "aarch64-darwin": {
          "store_path": "/nix/store/gilbrbnkagfwv1lzbv1ryd6aww1dfaq7-lightningcss-1.25.1"
        },
        "x86_64-darwin": {
          "store_path": "/nix/store/f12llla7w7w7hdc24piws3dlnrpy0hw3-lightningcss-1.25.1"
        },
        "x86_64-linux": {
          "store_path": "/nix/store/k3vqcm4fvh2ym33rq41k8xbqbz03avi5-lightningcss-1.25.1"
        }
      }
    },
    "shellcheck@latest": {
      "last_modified": "2024-05-26T09:30:02Z",
      "resolved": "github:NixOS/nixpkgs/e2dd4e18cc1c7314e24154331bae07df76eb582f#shellcheck",
      "source": "devbox-search",
      "version": "0.10.0",
      "systems": {
        "aarch64-darwin": {
          "store_path": "/nix/store/z31g3b6dz9np69b9wkv8d2jmc1sxjv4d-shellcheck-0.10.0-bin"
        },
        "aarch64-linux": {
          "store_path": "/nix/store/kl5v5bmjdph4im1y5gxm7yc8r5n6hgyl-shellcheck-0.10.0-bin"
        },
        "x86_64-darwin": {
          "store_path": "/nix/store/s6mrjj51g7clys555kp6ydr6dhf7smkg-shellcheck-0.10.0-bin"
        },
        "x86_64-linux": {
          "store_path": "/nix/store/n4ig66d8xjbkliyfawm2mvr31d8zwc9d-shellcheck-0.10.0-bin"
        }
      }
    },
    "terser@latest": {
      "last_modified": "2024-05-25T15:35:15Z",
      "resolved": "github:NixOS/nixpkgs/c5187508b11177ef4278edf19616f44f21cc8c69#terser",
      "source": "devbox-search",
      "version": "5.31.0",
      "systems": {
        "aarch64-darwin": {
          "store_path": "/nix/store/fg7afj8iclr6lfzhp5zsr4llv8d1g39j-terser-5.31.0"
        },
        "aarch64-linux": {
          "store_path": "/nix/store/8700nbwc7jhrf7hh4b2nnkb8r6s39wsw-terser-5.31.0"
        },
        "x86_64-darwin": {
          "store_path": "/nix/store/k1vrgf68fkn7w65xmm8j7726f3r1nnnx-terser-5.31.0"
        },
        "x86_64-linux": {
          "store_path": "/nix/store/pxvgzzyss24z6ibjh98ayiw9sayi6fk3-terser-5.31.0"
        }
      }
    },
    "xdg-utils@latest": {
      "last_modified": "2024-05-22T06:18:38Z",
      "resolved": "github:NixOS/nixpkgs/3f316d2a50699a78afe5e77ca486ad553169061e#xdg-utils",
      "source": "devbox-search",
      "version": "1.2.1",
      "systems": {
        "aarch64-darwin": {
          "store_path": "/nix/store/kqmcyb069bc70gki3xbh9xb5qjbhab9m-xdg-utils-1.2.1"
        },
        "aarch64-linux": {
          "store_path": "/nix/store/ij4pk1cdm1iwp9kiyv8bxchqq3pasd66-xdg-utils-1.2.1"
        },
        "x86_64-darwin": {
          "store_path": "/nix/store/ffif7q6kp3jbdvxbrbvqkhdh3pj47raj-xdg-utils-1.2.1"
        },
        "x86_64-linux": {
          "store_path": "/nix/store/6a6205zvzyqgmad3a43j6mlyh0kwkac1-xdg-utils-1.2.1"
        }
      }
    },
    "zopfli@latest": {
      "last_modified": "2024-05-29T18:25:13Z",
      "resolved": "github:NixOS/nixpkgs/f7a63cf975cc66559d5f488ffe6367c987a79826#zopfli",
      "source": "devbox-search",
      "version": "1.0.3",
      "systems": {
        "aarch64-darwin": {
          "store_path": "/nix/store/r9kmjx0hmmrxfy3wsyv4hig4gnqwhqrc-zopfli-1.0.3"
        },
        "aarch64-linux": {
          "store_path": "/nix/store/4mddyiqlrbdwkygf3caz57qjbq590g7j-zopfli-1.0.3"
        },
        "x86_64-darwin": {
          "store_path": "/nix/store/ksfybnqixn4dcxkzyr9wjirf9j0aiqwc-zopfli-1.0.3"
        },
        "x86_64-linux": {
          "store_path": "/nix/store/bbx73by6f4p5pzvd3c68jkmi0vgj13bp-zopfli-1.0.3"
        }
      }
    }
  }
}
