[
    {
        "author": "elm",
        "package": "browser",
        "version": "1.0.2",
        "sha256": "0863nw2hhbpm3s03lm1imi5x28wwknzrwg2p79s5mydgvdvgwjf0"
    },
    {
        "author": "elm",
        "package": "core",
        "version": "1.0.5",
        "sha256": "0g3xbi8f9k5q45s95nx3jfvzwdf4b2n63a52wr4027d2xjx0pmvl"
    },
    {
        "author": "elm",
        "package": "html",
        "version": "1.0.0",
        "sha256": "15k1679ja57vvlpinpv06znmrxy09lbhzfkzdc89i01qa8c4gb4a"
    },
    {
        "author": "elm",
        "package": "json",
        "version": "1.1.3",
        "sha256": "1hx986yqw1v2bpkrh6brszl8n8awwg1s8zi7v5qg0p1rqwvjlicz"
    },
    {
        "author": "elm",
        "package": "time",
        "version": "1.0.0",
        "sha256": "0wqa2vhl1zf8z0j2yd3yjwfhr0dydfns43bbzll3k4rhnjadxr1l"
    },
    {
        "author": "elm",
        "package": "url",
        "version": "1.0.0",
        "sha256": "1f2ij4i7zmijnj2i50qf19lpkr14bhms8dkq029inb5mydi9f8gs"
    },
    {
        "author": "elm",
        "package": "virtual-dom",
        "version": "1.0.3",
        "sha256": "1bjyyws7l0qvgp4ixzaimwriq86ncx5bvrzaksvjx3pv7bmkbx69"
    }
]
